
Microsoft Visual Studio Solution File, Format Version 12.00
# Visual Studio Version 17
VisualStudioVersion = 17.2.32505.173
MinimumVisualStudioVersion = 10.0.40219.1
Project("{FAE04EC0-301F-11D3-BF4B-00C04F79EFBC}") = "Spaceship", "Spaceship.csproj", "{E2DF1D67-EE34-4615-BF38-313E0A546310}"
EndProject
Global
	GlobalSection(SolutionConfigurationPlatforms) = preSolution
		Debug|Any CPU = Debug|Any CPU
		Release|Any CPU = Release|Any CPU
	EndGlobalSection
	GlobalSection(ProjectConfigurationPlatforms) = postSolution
		{E2DF1D67-EE34-4615-BF38-313E0A546310}.Debug|Any CPU.ActiveCfg = Debug|Any CPU
		{E2DF1D67-EE34-4615-BF38-313E0A546310}.Debug|Any CPU.Build.0 = Debug|Any CPU
		{E2DF1D67-EE34-4615-BF38-313E0A546310}.Release|Any CPU.ActiveCfg = Release|Any CPU
		{E2DF1D67-EE34-4615-BF38-313E0A546310}.Release|Any CPU.Build.0 = Release|Any CPU
	EndGlobalSection
	GlobalSection(SolutionProperties) = preSolution
		HideSolutionNode = FALSE
	EndGlobalSection
	GlobalSection(ExtensibilityGlobals) = postSolution
		SolutionGuid = {0E5EE499-0C7C-43F9-B379-56FF5C0DFDA1}
	EndGlobalSection
EndGlobal
